
Microsoft Visual Studio Solution File, Format Version 12.00
# Visual Studio Version 16
VisualStudioVersion = 16.0.30503.244
MinimumVisualStudioVersion = 10.0.40219.1
Project("{FAE04EC0-301F-11D3-BF4B-00C04F79EFBC}") = "Telugu Prototype Typing Keyboard", "Telugu Prototype Typing Keyboard\Telugu Prototype Typing Keyboard.csproj", "{60EB1243-B258-4FF9-AC79-205BFAF2D376}"
EndProject
Project("{FAE04EC0-301F-11D3-BF4B-00C04F79EFBC}") = "Telugu", "Telugu\Telugu.csproj", "{2B84A76D-48F7-4A82-B981-7461A201DB7B}"
EndProject
Global
	GlobalSection(SolutionConfigurationPlatforms) = preSolution
		Debug|Any CPU = Debug|Any CPU
		Release|Any CPU = Release|Any CPU
	EndGlobalSection
	GlobalSection(ProjectConfigurationPlatforms) = postSolution
		{60EB1243-B258-4FF9-AC79-205BFAF2D376}.Debug|Any CPU.ActiveCfg = Debug|Any CPU
		{60EB1243-B258-4FF9-AC79-205BFAF2D376}.Debug|Any CPU.Build.0 = Debug|Any CPU
		{60EB1243-B258-4FF9-AC79-205BFAF2D376}.Release|Any CPU.ActiveCfg = Release|Any CPU
		{60EB1243-B258-4FF9-AC79-205BFAF2D376}.Release|Any CPU.Build.0 = Release|Any CPU
		{2B84A76D-48F7-4A82-B981-7461A201DB7B}.Debug|Any CPU.ActiveCfg = Debug|Any CPU
		{2B84A76D-48F7-4A82-B981-7461A201DB7B}.Debug|Any CPU.Build.0 = Debug|Any CPU
		{2B84A76D-48F7-4A82-B981-7461A201DB7B}.Release|Any CPU.ActiveCfg = Release|Any CPU
		{2B84A76D-48F7-4A82-B981-7461A201DB7B}.Release|Any CPU.Build.0 = Release|Any CPU
	EndGlobalSection
	GlobalSection(SolutionProperties) = preSolution
		HideSolutionNode = FALSE
	EndGlobalSection
	GlobalSection(ExtensibilityGlobals) = postSolution
		SolutionGuid = {E03178E9-88B5-43B3-9BC6-49B1CD0A9CB5}
	EndGlobalSection
EndGlobal
